
Microsoft Visual Studio Solution File, Format Version 12.00
# Visual Studio Version 16
VisualStudioVersion = 16.0.31005.135
MinimumVisualStudioVersion = 10.0.40219.1
Project("{9A19103F-16F7-4668-BE54-9A1E7A4F7556}") = "DataAccess", "DataAccess\DataAccess.csproj", "{4EA316DA-01C1-4756-8325-1AB2D294272D}"
EndProject
Project("{9A19103F-16F7-4668-BE54-9A1E7A4F7556}") = "Business", "Business\Business.csproj", "{144EF02F-A787-43A3-B960-F2DDA9E5A9EE}"
EndProject
Project("{9A19103F-16F7-4668-BE54-9A1E7A4F7556}") = "Entities", "Entities\Entities.csproj", "{47777CA9-9168-4053-9C41-25F9B9B286A4}"
EndProject
Project("{9A19103F-16F7-4668-BE54-9A1E7A4F7556}") = "ConsoleUI", "ConsoleUI\ConsoleUI.csproj", "{BF6D64E7-998E-4312-90BD-9635E7257944}"
EndProject
Project("{9A19103F-16F7-4668-BE54-9A1E7A4F7556}") = "Core", "Core\Core.csproj", "{57A174EF-BB47-454E-9E9D-71BC2C122C8F}"
EndProject
Project("{FAE04EC0-301F-11D3-BF4B-00C04F79EFBC}") = "WebAPI", "WebAPI\WebAPI.csproj", "{F8641CEA-A51F-47A5-9124-C84DE6CAAFEC}"
EndProject
Global
	GlobalSection(SolutionConfigurationPlatforms) = preSolution
		Debug|Any CPU = Debug|Any CPU
		Release|Any CPU = Release|Any CPU
	EndGlobalSection
	GlobalSection(ProjectConfigurationPlatforms) = postSolution
		{4EA316DA-01C1-4756-8325-1AB2D294272D}.Debug|Any CPU.ActiveCfg = Debug|Any CPU
		{4EA316DA-01C1-4756-8325-1AB2D294272D}.Debug|Any CPU.Build.0 = Debug|Any CPU
		{4EA316DA-01C1-4756-8325-1AB2D294272D}.Release|Any CPU.ActiveCfg = Release|Any CPU
		{4EA316DA-01C1-4756-8325-1AB2D294272D}.Release|Any CPU.Build.0 = Release|Any CPU
		{144EF02F-A787-43A3-B960-F2DDA9E5A9EE}.Debug|Any CPU.ActiveCfg = Debug|Any CPU
		{144EF02F-A787-43A3-B960-F2DDA9E5A9EE}.Debug|Any CPU.Build.0 = Debug|Any CPU
		{144EF02F-A787-43A3-B960-F2DDA9E5A9EE}.Release|Any CPU.ActiveCfg = Release|Any CPU
		{144EF02F-A787-43A3-B960-F2DDA9E5A9EE}.Release|Any CPU.Build.0 = Release|Any CPU
		{47777CA9-9168-4053-9C41-25F9B9B286A4}.Debug|Any CPU.ActiveCfg = Debug|Any CPU
		{47777CA9-9168-4053-9C41-25F9B9B286A4}.Debug|Any CPU.Build.0 = Debug|Any CPU
		{47777CA9-9168-4053-9C41-25F9B9B286A4}.Release|Any CPU.ActiveCfg = Release|Any CPU
		{47777CA9-9168-4053-9C41-25F9B9B286A4}.Release|Any CPU.Build.0 = Release|Any CPU
		{BF6D64E7-998E-4312-90BD-9635E7257944}.Debug|Any CPU.ActiveCfg = Debug|Any CPU
		{BF6D64E7-998E-4312-90BD-9635E7257944}.Debug|Any CPU.Build.0 = Debug|Any CPU
		{BF6D64E7-998E-4312-90BD-9635E7257944}.Release|Any CPU.ActiveCfg = Release|Any CPU
		{BF6D64E7-998E-4312-90BD-9635E7257944}.Release|Any CPU.Build.0 = Release|Any CPU
		{57A174EF-BB47-454E-9E9D-71BC2C122C8F}.Debug|Any CPU.ActiveCfg = Debug|Any CPU
		{57A174EF-BB47-454E-9E9D-71BC2C122C8F}.Debug|Any CPU.Build.0 = Debug|Any CPU
		{57A174EF-BB47-454E-9E9D-71BC2C122C8F}.Release|Any CPU.ActiveCfg = Release|Any CPU
		{57A174EF-BB47-454E-9E9D-71BC2C122C8F}.Release|Any CPU.Build.0 = Release|Any CPU
		{F8641CEA-A51F-47A5-9124-C84DE6CAAFEC}.Debug|Any CPU.ActiveCfg = Debug|Any CPU
		{F8641CEA-A51F-47A5-9124-C84DE6CAAFEC}.Debug|Any CPU.Build.0 = Debug|Any CPU
		{F8641CEA-A51F-47A5-9124-C84DE6CAAFEC}.Release|Any CPU.ActiveCfg = Release|Any CPU
		{F8641CEA-A51F-47A5-9124-C84DE6CAAFEC}.Release|Any CPU.Build.0 = Release|Any CPU
	EndGlobalSection
	GlobalSection(SolutionProperties) = preSolution
		HideSolutionNode = FALSE
	EndGlobalSection
	GlobalSection(ExtensibilityGlobals) = postSolution
		SolutionGuid = {E6CC5989-5D04-4DC6-A364-068100A16C5D}
	EndGlobalSection
EndGlobal
